// !$*UTF8*$!
{
	archiveVersion = 1;
	classes = {
	};
	objectVersion = 46;
	objects = {

/* Begin PBXBuildFile section */
		58DF71D11CF39D11004FEB19 /* AppDelegate.swift in Sources */ = {isa = PBXBuildFile; fileRef = 58DF71D01CF39D11004FEB19 /* AppDelegate.swift */; };
		58DF71D31CF39D11004FEB19 /* ViewController.swift in Sources */ = {isa = PBXBuildFile; fileRef = 58DF71D21CF39D11004FEB19 /* ViewController.swift */; };
		58DF71D61CF39D11004FEB19 /* Main.storyboard in Resources */ = {isa = PBXBuildFile; fileRef = 58DF71D41CF39D11004FEB19 /* Main.storyboard */; };
		58DF71D81CF39D11004FEB19 /* Assets.xcassets in Resources */ = {isa = PBXBuildFile; fileRef = 58DF71D71CF39D11004FEB19 /* Assets.xcassets */; };
		58DF71DB1CF39D11004FEB19 /* LaunchScreen.storyboard in Resources */ = {isa = PBXBuildFile; fileRef = 58DF71D91CF39D11004FEB19 /* LaunchScreen.storyboard */; };
		58DF71E61CF39D11004FEB19 /* PeriodTrackerTests.swift in Sources */ = {isa = PBXBuildFile; fileRef = 58DF71E51CF39D11004FEB19 /* PeriodTrackerTests.swift */; };
/* End PBXBuildFile section */

/* Begin PBXContainerItemProxy section */
		58DF71E21CF39D11004FEB19 /* PBXContainerItemProxy */ = {
			isa = PBXContainerItemProxy;
			containerPortal = 58DF71C51CF39D11004FEB19 /* Project object */;
			proxyType = 1;
			remoteGlobalIDString = 58DF71CC1CF39D11004FEB19;
			remoteInfo = PeriodTracker;
		};
/* End PBXContainerItemProxy section */

/* Begin PBXFileReference section */
		58DF71CD1CF39D11004FEB19 /* PeriodTracker.app */ = {isa = PBXFileReference; explicitFileType = wrapper.application; includeInIndex = 0; path = PeriodTracker.app; sourceTree = BUILT_PRODUCTS_DIR; };
		58DF71D01CF39D11004FEB19 /* AppDelegate.swift */ = {isa = PBXFileReference; lastKnownFileType = sourcecode.swift; path = AppDelegate.swift; sourceTree = "<group>"; };
		58DF71D21CF39D11004FEB19 /* ViewController.swift */ = {isa = PBXFileReference; lastKnownFileType = sourcecode.swift; path = ViewController.swift; sourceTree = "<group>"; };
		58DF71D51CF39D11004FEB19 /* Base */ = {isa = PBXFileReference; lastKnownFileType = file.storyboard; name = Base; path = Base.lproj/Main.storyboard; sourceTree = "<group>"; };
		58DF71D71CF39D11004FEB19 /* Assets.xcassets */ = {isa = PBXFileReference; lastKnownFileType = folder.assetcatalog; path = Assets.xcassets; sourceTree = "<group>"; };
		58DF71DA1CF39D11004FEB19 /* Base */ = {isa = PBXFileReference; lastKnownFileType = file.storyboard; name = Base; path = Base.lproj/LaunchScreen.storyboard; sourceTree = "<group>"; };
		58DF71DC1CF39D11004FEB19 /* Info.plist */ = {isa = PBXFileReference; lastKnownFileType = text.plist.xml; path = Info.plist; sourceTree = "<group>"; };
		58DF71E11CF39D11004FEB19 /* PeriodTrackerTests.xctest */ = {isa = PBXFileReference; explicitFileType = wrapper.cfbundle; includeInIndex = 0; path = PeriodTrackerTests.xctest; sourceTree = BUILT_PRODUCTS_DIR; };
		58DF71E51CF39D11004FEB19 /* PeriodTrackerTests.swift */ = {isa = PBXFileReference; lastKnownFileType = sourcecode.swift; path = PeriodTrackerTests.swift; sourceTree = "<group>"; };
		58DF71E71CF39D11004FEB19 /* Info.plist */ = {isa = PBXFileReference; lastKnownFileType = text.plist.xml; path = Info.plist; sourceTree = "<group>"; };
/* End PBXFileReference section */

/* Begin PBXFrameworksBuildPhase section */
		58DF71CA1CF39D11004FEB19 /* Frameworks */ = {
			isa = PBXFrameworksBuildPhase;
			buildActionMask = 2147483647;
			files = (
			);
			runOnlyForDeploymentPostprocessing = 0;
		};
		58DF71DE1CF39D11004FEB19 /* Frameworks */ = {
			isa = PBXFrameworksBuildPhase;
			buildActionMask = 2147483647;
			files = (
			);
			runOnlyForDeploymentPostprocessing = 0;
		};
/* End PBXFrameworksBuildPhase section */

/* Begin PBXGroup section */
		58DF71C41CF39D11004FEB19 = {
			isa = PBXGroup;
			children = (
				58DF71CF1CF39D11004FEB19 /* PeriodTracker */,
				58DF71E41CF39D11004FEB19 /* PeriodTrackerTests */,
				58DF71CE1CF39D11004FEB19 /* Products */,
			);
			sourceTree = "<group>";
		};
		58DF71CE1CF39D11004FEB19 /* Products */ = {
			isa = PBXGroup;
			children = (
				58DF71CD1CF39D11004FEB19 /* PeriodTracker.app */,
				58DF71E11CF39D11004FEB19 /* PeriodTrackerTests.xctest */,
			);
			name = Products;
			sourceTree = "<group>";
		};
		58DF71CF1CF39D11004FEB19 /* PeriodTracker */ = {
			isa = PBXGroup;
			children = (
				58DF71D01CF39D11004FEB19 /* AppDelegate.swift */,
				58DF71D21CF39D11004FEB19 /* ViewController.swift */,
				58DF71D41CF39D11004FEB19 /* Main.storyboard */,
				58DF71D71CF39D11004FEB19 /* Assets.xcassets */,
				58DF71D91CF39D11004FEB19 /* LaunchScreen.storyboard */,
				58DF71DC1CF39D11004FEB19 /* Info.plist */,
			);
			path = PeriodTracker;
			sourceTree = "<group>";
		};
		58DF71E41CF39D11004FEB19 /* PeriodTrackerTests */ = {
			isa = PBXGroup;
			children = (
				58DF71E51CF39D11004FEB19 /* PeriodTrackerTests.swift */,
				58DF71E71CF39D11004FEB19 /* Info.plist */,
			);
			path = PeriodTrackerTests;
			sourceTree = "<group>";
		};
/* End PBXGroup section */

/* Begin PBXNativeTarget section */
		58DF71CC1CF39D11004FEB19 /* PeriodTracker */ = {
			isa = PBXNativeTarget;
			buildConfigurationList = 58DF71EA1CF39D11004FEB19 /* Build configuration list for PBXNativeTarget "PeriodTracker" */;
			buildPhases = (
				58DF71C91CF39D11004FEB19 /* Sources */,
				58DF71CA1CF39D11004FEB19 /* Frameworks */,
				58DF71CB1CF39D11004FEB19 /* Resources */,
			);
			buildRules = (
			);
			dependencies = (
			);
			name = PeriodTracker;
			productName = PeriodTracker;
			productReference = 58DF71CD1CF39D11004FEB19 /* PeriodTracker.app */;
			productType = "com.apple.product-type.application";
		};
		58DF71E01CF39D11004FEB19 /* PeriodTrackerTests */ = {
			isa = PBXNativeTarget;
			buildConfigurationList = 58DF71ED1CF39D11004FEB19 /* Build configuration list for PBXNativeTarget "PeriodTrackerTests" */;
			buildPhases = (
				58DF71DD1CF39D11004FEB19 /* Sources */,
				58DF71DE1CF39D11004FEB19 /* Frameworks */,
				58DF71DF1CF39D11004FEB19 /* Resources */,
			);
			buildRules = (
			);
			dependencies = (
				58DF71E31CF39D11004FEB19 /* PBXTargetDependency */,
			);
			name = PeriodTrackerTests;
			productName = PeriodTrackerTests;
			productReference = 58DF71E11CF39D11004FEB19 /* PeriodTrackerTests.xctest */;
			productType = "com.apple.product-type.bundle.unit-test";
		};
/* End PBXNativeTarget section */

/* Begin PBXProject section */
		58DF71C51CF39D11004FEB19 /* Project object */ = {
			isa = PBXProject;
			attributes = {
				LastSwiftUpdateCheck = 0720;
				LastUpgradeCheck = 0720;
				ORGANIZATIONNAME = "Jason Yoon";
				TargetAttributes = {
					58DF71CC1CF39D11004FEB19 = {
						CreatedOnToolsVersion = 7.2.1;
					};
					58DF71E01CF39D11004FEB19 = {
						CreatedOnToolsVersion = 7.2.1;
						TestTargetID = 58DF71CC1CF39D11004FEB19;
					};
				};
			};
			buildConfigurationList = 58DF71C81CF39D11004FEB19 /* Build configuration list for PBXProject "PeriodTracker" */;
			compatibilityVersion = "Xcode 3.2";
			developmentRegion = English;
			hasScannedForEncodings = 0;
			knownRegions = (
				en,
				Base,
			);
			mainGroup = 58DF71C41CF39D11004FEB19;
			productRefGroup = 58DF71CE1CF39D11004FEB19 /* Products */;
			projectDirPath = "";
			projectRoot = "";
			targets = (
				58DF71CC1CF39D11004FEB19 /* PeriodTracker */,
				58DF71E01CF39D11004FEB19 /* PeriodTrackerTests */,
			);
		};
/* End PBXProject section */

/* Begin PBXResourcesBuildPhase section */
		58DF71CB1CF39D11004FEB19 /* Resources */ = {
			isa = PBXResourcesBuildPhase;
			buildActionMask = 2147483647;
			files = (
				58DF71DB1CF39D11004FEB19 /* LaunchScreen.storyboard in Resources */,
				58DF71D81CF39D11004FEB19 /* Assets.xcassets in Resources */,
				58DF71D61CF39D11004FEB19 /* Main.storyboard in Resources */,
			);
			runOnlyForDeploymentPostprocessing = 0;
		};
		58DF71DF1CF39D11004FEB19 /* Resources */ = {
			isa = PBXResourcesBuildPhase;
			buildActionMask = 2147483647;
			files = (
			);
			runOnlyForDeploymentPostprocessing = 0;
		};
/* End PBXResourcesBuildPhase section */

/* Begin PBXSourcesBuildPhase section */
		58DF71C91CF39D11004FEB19 /* Sources */ = {
			isa = PBXSourcesBuildPhase;
			buildActionMask = 2147483647;
			files = (
				58DF71D31CF39D11004FEB19 /* ViewController.swift in Sources */,
				58DF71D11CF39D11004FEB19 /* AppDelegate.swift in Sources */,
			);
			runOnlyForDeploymentPostprocessing = 0;
		};
		58DF71DD1CF39D11004FEB19 /* Sources */ = {
			isa = PBXSourcesBuildPhase;
			buildActionMask = 2147483647;
			files = (
				58DF71E61CF39D11004FEB19 /* PeriodTrackerTests.swift in Sources */,
			);
			runOnlyForDeploymentPostprocessing = 0;
		};
/* End PBXSourcesBuildPhase section */

/* Begin PBXTargetDependency section */
		58DF71E31CF39D11004FEB19 /* PBXTargetDependency */ = {
			isa = PBXTargetDependency;
			target = 58DF71CC1CF39D11004FEB19 /* PeriodTracker */;
			targetProxy = 58DF71E21CF39D11004FEB19 /* PBXContainerItemProxy */;
		};
/* End PBXTargetDependency section */

/* Begin PBXVariantGroup section */
		58DF71D41CF39D11004FEB19 /* Main.storyboard */ = {
			isa = PBXVariantGroup;
			children = (
				58DF71D51CF39D11004FEB19 /* Base */,
			);
			name = Main.storyboard;
			sourceTree = "<group>";
		};
		58DF71D91CF39D11004FEB19 /* LaunchScreen.storyboard */ = {
			isa = PBXVariantGroup;
			children = (
				58DF71DA1CF39D11004FEB19 /* Base */,
			);
			name = LaunchScreen.storyboard;
			sourceTree = "<group>";
		};
/* End PBXVariantGroup section */

/* Begin XCBuildConfiguration section */
		58DF71E81CF39D11004FEB19 /* Debug */ = {
			isa = XCBuildConfiguration;
			buildSettings = {
				ALWAYS_SEARCH_USER_PATHS = NO;
				CLANG_CXX_LANGUAGE_STANDARD = "gnu++0x";
				CLANG_CXX_LIBRARY = "libc++";
				CLANG_ENABLE_MODULES = YES;
				CLANG_ENABLE_OBJC_ARC = YES;
				CLANG_WARN_BOOL_CONVERSION = YES;
				CLANG_WARN_CONSTANT_CONVERSION = YES;
				CLANG_WARN_DIRECT_OBJC_ISA_USAGE = YES_ERROR;
				CLANG_WARN_EMPTY_BODY = YES;
				CLANG_WARN_ENUM_CONVERSION = YES;
				CLANG_WARN_INT_CONVERSION = YES;
				CLANG_WARN_OBJC_ROOT_CLASS = YES_ERROR;
				CLANG_WARN_UNREACHABLE_CODE = YES;
				CLANG_WARN__DUPLICATE_METHOD_MATCH = YES;
				"CODE_SIGN_IDENTITY[sdk=iphoneos*]" = "iPhone Developer";
				COPY_PHASE_STRIP = NO;
				DEBUG_INFORMATION_FORMAT = dwarf;
				ENABLE_STRICT_OBJC_MSGSEND = YES;
				ENABLE_TESTABILITY = YES;
				GCC_C_LANGUAGE_STANDARD = gnu99;
				GCC_DYNAMIC_NO_PIC = NO;
				GCC_NO_COMMON_BLOCKS = YES;
				GCC_OPTIMIZATION_LEVEL = 0;
				GCC_PREPROCESSOR_DEFINITIONS = (
					"DEBUG=1",
					"$(inherited)",
				);
				GCC_WARN_64_TO_32_BIT_CONVERSION = YES;
				GCC_WARN_ABOUT_RETURN_TYPE = YES_ERROR;
				GCC_WARN_UNDECLARED_SELECTOR = YES;
				GCC_WARN_UNINITIALIZED_AUTOS = YES_AGGRESSIVE;
				GCC_WARN_UNUSED_FUNCTION = YES;
				GCC_WARN_UNUSED_VARIABLE = YES;
				IPHONEOS_DEPLOYMENT_TARGET = 9.2;
				MTL_ENABLE_DEBUG_INFO = YES;
				ONLY_ACTIVE_ARCH = YES;
				SDKROOT = iphoneos;
				SWIFT_OPTIMIZATION_LEVEL = "-Onone";
				TARGETED_DEVICE_FAMILY = "1,2";
			};
			name = Debug;
		};
		58DF71E91CF39D11004FEB19 /* Release */ = {
			isa = XCBuildConfiguration;
			buildSettings = {
				ALWAYS_SEARCH_USER_PATHS = NO;
				CLANG_CXX_LANGUAGE_STANDARD = "gnu++0x";
				CLANG_CXX_LIBRARY = "libc++";
				CLANG_ENABLE_MODULES = YES;
				CLANG_ENABLE_OBJC_ARC = YES;
				CLANG_WARN_BOOL_CONVERSION = YES;
				CLANG_WARN_CONSTANT_CONVERSION = YES;
				CLANG_WARN_DIRECT_OBJC_ISA_USAGE = YES_ERROR;
				CLANG_WARN_EMPTY_BODY = YES;
				CLANG_WARN_ENUM_CONVERSION = YES;
				CLANG_WARN_INT_CONVERSION = YES;
				CLANG_WARN_OBJC_ROOT_CLASS = YES_ERROR;
				CLANG_WARN_UNREACHABLE_CODE = YES;
				CLANG_WARN__DUPLICATE_METHOD_MATCH = YES;
				"CODE_SIGN_IDENTITY[sdk=iphoneos*]" = "iPhone Developer";
				COPY_PHASE_STRIP = NO;
				DEBUG_INFORMATION_FORMAT = "dwarf-with-dsym";
				ENABLE_NS_ASSERTIONS = NO;
				ENABLE_STRICT_OBJC_MSGSEND = YES;
				GCC_C_LANGUAGE_STANDARD = gnu99;
				GCC_NO_COMMON_BLOCKS = YES;
				GCC_WARN_64_TO_32_BIT_CONVERSION = YES;
				GCC_WARN_ABOUT_RETURN_TYPE = YES_ERROR;
				GCC_WARN_UNDECLARED_SELECTOR = YES;
				GCC_WARN_UNINITIALIZED_AUTOS = YES_AGGRESSIVE;
				GCC_WARN_UNUSED_FUNCTION = YES;
				GCC_WARN_UNUSED_VARIABLE = YES;
				IPHONEOS_DEPLOYMENT_TARGET = 9.2;
				MTL_ENABLE_DEBUG_INFO = NO;
				SDKROOT = iphoneos;
				TARGETED_DEVICE_FAMILY = "1,2";
				VALIDATE_PRODUCT = YES;
			};
			name = Release;
		};
		58DF71EB1CF39D11004FEB19 /* Debug */ = {
			isa = XCBuildConfiguration;
			buildSettings = {
				ASSETCATALOG_COMPILER_APPICON_NAME = AppIcon;
				INFOPLIST_FILE = PeriodTracker/Info.plist;
				LD_RUNPATH_SEARCH_PATHS = "$(inherited) @executable_path/Frameworks";
				PRODUCT_BUNDLE_IDENTIFIER = com.jasonyoon.PeriodTracker;
				PRODUCT_NAME = "$(TARGET_NAME)";
			};
			name = Debug;
		};
		58DF71EC1CF39D11004FEB19 /* Release */ = {
			isa = XCBuildConfiguration;
			buildSettings = {
				ASSETCATALOG_COMPILER_APPICON_NAME = AppIcon;
				INFOPLIST_FILE = PeriodTracker/Info.plist;
				LD_RUNPATH_SEARCH_PATHS = "$(inherited) @executable_path/Frameworks";
				PRODUCT_BUNDLE_IDENTIFIER = com.jasonyoon.PeriodTracker;
				PRODUCT_NAME = "$(TARGET_NAME)";
			};
			name = Release;
		};
		58DF71EE1CF39D11004FEB19 /* Debug */ = {
			isa = XCBuildConfiguration;
			buildSettings = {
				BUNDLE_LOADER = "$(TEST_HOST)";
				INFOPLIST_FILE = PeriodTrackerTests/Info.plist;
				LD_RUNPATH_SEARCH_PATHS = "$(inherited) @executable_path/Frameworks @loader_path/Frameworks";
				PRODUCT_BUNDLE_IDENTIFIER = com.jasonyoon.PeriodTrackerTests;
				PRODUCT_NAME = "$(TARGET_NAME)";
				TEST_HOST = "$(BUILT_PRODUCTS_DIR)/PeriodTracker.app/PeriodTracker";
			};
			name = Debug;
		};
		58DF71EF1CF39D11004FEB19 /* Release */ = {
			isa = XCBuildConfiguration;
			buildSettings = {
				BUNDLE_LOADER = "$(TEST_HOST)";
				INFOPLIST_FILE = PeriodTrackerTests/Info.plist;
				LD_RUNPATH_SEARCH_PATHS = "$(inherited) @executable_path/Frameworks @loader_path/Frameworks";
				PRODUCT_BUNDLE_IDENTIFIER = com.jasonyoon.PeriodTrackerTests;
				PRODUCT_NAME = "$(TARGET_NAME)";
				TEST_HOST = "$(BUILT_PRODUCTS_DIR)/PeriodTracker.app/PeriodTracker";
			};
			name = Release;
		};
/* End XCBuildConfiguration section */

/* Begin XCConfigurationList section */
		58DF71C81CF39D11004FEB19 /* Build configuration list for PBXProject "PeriodTracker" */ = {
			isa = XCConfigurationList;
			buildConfigurations = (
				58DF71E81CF39D11004FEB19 /* Debug */,
				58DF71E91CF39D11004FEB19 /* Release */,
			);
			defaultConfigurationIsVisible = 0;
			defaultConfigurationName = Release;
		};
		58DF71EA1CF39D11004FEB19 /* Build configuration list for PBXNativeTarget "PeriodTracker" */ = {
			isa = XCConfigurationList;
			buildConfigurations = (
				58DF71EB1CF39D11004FEB19 /* Debug */,
				58DF71EC1CF39D11004FEB19 /* Release */,
			);
			defaultConfigurationIsVisible = 0;
		};
		58DF71ED1CF39D11004FEB19 /* Build configuration list for PBXNativeTarget "PeriodTrackerTests" */ = {
			isa = XCConfigurationList;
			buildConfigurations = (
				58DF71EE1CF39D11004FEB19 /* Debug */,
				58DF71EF1CF39D11004FEB19 /* Release */,
			);
			defaultConfigurationIsVisible = 0;
		};
/* End XCConfigurationList section */
	};
	rootObject = 58DF71C51CF39D11004FEB19 /* Project object */;
}
